
Microsoft Visual Studio Solution File, Format Version 12.00
# Visual Studio 15
VisualStudioVersion = 15.0.27703.2035
MinimumVisualStudioVersion = 10.0.40219.1
Project("{FAE04EC0-301F-11D3-BF4B-00C04F79EFBC}") = "ZNetSvc", "ZNetSvc\ZNetSvc.csproj", "{D6744308-E1AD-4667-951C-8DFD1245C18F}"
EndProject
Project("{FAE04EC0-301F-11D3-BF4B-00C04F79EFBC}") = "ServerTest", "Test\ServerTest.csproj", "{BA97805E-D1DD-4A17-BA39-BC73300C261E}"
EndProject
Project("{FAE04EC0-301F-11D3-BF4B-00C04F79EFBC}") = "ClientTest", "ClientTest\ClientTest.csproj", "{D002D0B3-D161-4215-97F5-E8C2A48C4406}"
EndProject
Global
	GlobalSection(SolutionConfigurationPlatforms) = preSolution
		Debug|Any CPU = Debug|Any CPU
		Debug|x64 = Debug|x64
		Debug|x86 = Debug|x86
		Release|Any CPU = Release|Any CPU
		Release|x64 = Release|x64
		Release|x86 = Release|x86
	EndGlobalSection
	GlobalSection(ProjectConfigurationPlatforms) = postSolution
		{D6744308-E1AD-4667-951C-8DFD1245C18F}.Debug|Any CPU.ActiveCfg = Debug|Any CPU
		{D6744308-E1AD-4667-951C-8DFD1245C18F}.Debug|Any CPU.Build.0 = Debug|Any CPU
		{D6744308-E1AD-4667-951C-8DFD1245C18F}.Debug|x64.ActiveCfg = Debug|Any CPU
		{D6744308-E1AD-4667-951C-8DFD1245C18F}.Debug|x64.Build.0 = Debug|Any CPU
		{D6744308-E1AD-4667-951C-8DFD1245C18F}.Debug|x86.ActiveCfg = Debug|Any CPU
		{D6744308-E1AD-4667-951C-8DFD1245C18F}.Debug|x86.Build.0 = Debug|Any CPU
		{D6744308-E1AD-4667-951C-8DFD1245C18F}.Release|Any CPU.ActiveCfg = Release|Any CPU
		{D6744308-E1AD-4667-951C-8DFD1245C18F}.Release|Any CPU.Build.0 = Release|Any CPU
		{D6744308-E1AD-4667-951C-8DFD1245C18F}.Release|x64.ActiveCfg = Release|Any CPU
		{D6744308-E1AD-4667-951C-8DFD1245C18F}.Release|x64.Build.0 = Release|Any CPU
		{D6744308-E1AD-4667-951C-8DFD1245C18F}.Release|x86.ActiveCfg = Release|Any CPU
		{D6744308-E1AD-4667-951C-8DFD1245C18F}.Release|x86.Build.0 = Release|Any CPU
		{BA97805E-D1DD-4A17-BA39-BC73300C261E}.Debug|Any CPU.ActiveCfg = Debug|Any CPU
		{BA97805E-D1DD-4A17-BA39-BC73300C261E}.Debug|Any CPU.Build.0 = Debug|Any CPU
		{BA97805E-D1DD-4A17-BA39-BC73300C261E}.Debug|x64.ActiveCfg = Debug|Any CPU
		{BA97805E-D1DD-4A17-BA39-BC73300C261E}.Debug|x64.Build.0 = Debug|Any CPU
		{BA97805E-D1DD-4A17-BA39-BC73300C261E}.Debug|x86.ActiveCfg = Debug|Any CPU
		{BA97805E-D1DD-4A17-BA39-BC73300C261E}.Debug|x86.Build.0 = Debug|Any CPU
		{BA97805E-D1DD-4A17-BA39-BC73300C261E}.Release|Any CPU.ActiveCfg = Release|Any CPU
		{BA97805E-D1DD-4A17-BA39-BC73300C261E}.Release|Any CPU.Build.0 = Release|Any CPU
		{BA97805E-D1DD-4A17-BA39-BC73300C261E}.Release|x64.ActiveCfg = Release|Any CPU
		{BA97805E-D1DD-4A17-BA39-BC73300C261E}.Release|x64.Build.0 = Release|Any CPU
		{BA97805E-D1DD-4A17-BA39-BC73300C261E}.Release|x86.ActiveCfg = Release|Any CPU
		{BA97805E-D1DD-4A17-BA39-BC73300C261E}.Release|x86.Build.0 = Release|Any CPU
		{D002D0B3-D161-4215-97F5-E8C2A48C4406}.Debug|Any CPU.ActiveCfg = Debug|Any CPU
		{D002D0B3-D161-4215-97F5-E8C2A48C4406}.Debug|Any CPU.Build.0 = Debug|Any CPU
		{D002D0B3-D161-4215-97F5-E8C2A48C4406}.Debug|x64.ActiveCfg = Debug|Any CPU
		{D002D0B3-D161-4215-97F5-E8C2A48C4406}.Debug|x64.Build.0 = Debug|Any CPU
		{D002D0B3-D161-4215-97F5-E8C2A48C4406}.Debug|x86.ActiveCfg = Debug|Any CPU
		{D002D0B3-D161-4215-97F5-E8C2A48C4406}.Debug|x86.Build.0 = Debug|Any CPU
		{D002D0B3-D161-4215-97F5-E8C2A48C4406}.Release|Any CPU.ActiveCfg = Release|Any CPU
		{D002D0B3-D161-4215-97F5-E8C2A48C4406}.Release|Any CPU.Build.0 = Release|Any CPU
		{D002D0B3-D161-4215-97F5-E8C2A48C4406}.Release|x64.ActiveCfg = Release|Any CPU
		{D002D0B3-D161-4215-97F5-E8C2A48C4406}.Release|x64.Build.0 = Release|Any CPU
		{D002D0B3-D161-4215-97F5-E8C2A48C4406}.Release|x86.ActiveCfg = Release|Any CPU
		{D002D0B3-D161-4215-97F5-E8C2A48C4406}.Release|x86.Build.0 = Release|Any CPU
	EndGlobalSection
	GlobalSection(SolutionProperties) = preSolution
		HideSolutionNode = FALSE
	EndGlobalSection
	GlobalSection(ExtensibilityGlobals) = postSolution
		SolutionGuid = {5FD81217-0111-497D-AC64-2FC9939FC2BD}
	EndGlobalSection
EndGlobal
